// !$*UTF8*$!
{
	archiveVersion = 1;
	classes = {
	};
	objectVersion = 50;
	objects = {

/* Begin PBXBuildFile section */
		F9828F292678BB2F00FB11FC /* AppDelegate.swift in Sources */ = {isa = PBXBuildFile; fileRef = F9828F282678BB2F00FB11FC /* AppDelegate.swift */; };
		F9828F2B2678BB2F00FB11FC /* art.scnassets in Resources */ = {isa = PBXBuildFile; fileRef = F9828F2A2678BB2F00FB11FC /* art.scnassets */; };
		F9828F2D2678BB2F00FB11FC /* ViewController.swift in Sources */ = {isa = PBXBuildFile; fileRef = F9828F2C2678BB2F00FB11FC /* ViewController.swift */; };
		F9828F302678BB2F00FB11FC /* Main.storyboard in Resources */ = {isa = PBXBuildFile; fileRef = F9828F2E2678BB2F00FB11FC /* Main.storyboard */; };
		F9828F322678BB3100FB11FC /* Assets.xcassets in Resources */ = {isa = PBXBuildFile; fileRef = F9828F312678BB3100FB11FC /* Assets.xcassets */; };
		F9828F352678BB3100FB11FC /* LaunchScreen.storyboard in Resources */ = {isa = PBXBuildFile; fileRef = F9828F332678BB3100FB11FC /* LaunchScreen.storyboard */; };
		F9828F402678BB3200FB11FC /* ARScannerTests.swift in Sources */ = {isa = PBXBuildFile; fileRef = F9828F3F2678BB3200FB11FC /* ARScannerTests.swift */; };
		F9828F4B2678BB3200FB11FC /* ARScannerUITests.swift in Sources */ = {isa = PBXBuildFile; fileRef = F9828F4A2678BB3200FB11FC /* ARScannerUITests.swift */; };
		F9828F83267A254500FB11FC /* TestScene.scn in Resources */ = {isa = PBXBuildFile; fileRef = F9828F82267A254500FB11FC /* TestScene.scn */; };
/* End PBXBuildFile section */

/* Begin PBXContainerItemProxy section */
		F9828F3C2678BB3200FB11FC /* PBXContainerItemProxy */ = {
			isa = PBXContainerItemProxy;
			containerPortal = F9828F1D2678BB2F00FB11FC /* Project object */;
			proxyType = 1;
			remoteGlobalIDString = F9828F242678BB2F00FB11FC;
			remoteInfo = ARScanner;
		};
		F9828F472678BB3200FB11FC /* PBXContainerItemProxy */ = {
			isa = PBXContainerItemProxy;
			containerPortal = F9828F1D2678BB2F00FB11FC /* Project object */;
			proxyType = 1;
			remoteGlobalIDString = F9828F242678BB2F00FB11FC;
			remoteInfo = ARScanner;
		};
/* End PBXContainerItemProxy section */

/* Begin PBXFileReference section */
		F9828F252678BB2F00FB11FC /* ARScanner.app */ = {isa = PBXFileReference; explicitFileType = wrapper.application; includeInIndex = 0; path = ARScanner.app; sourceTree = BUILT_PRODUCTS_DIR; };
		F9828F282678BB2F00FB11FC /* AppDelegate.swift */ = {isa = PBXFileReference; lastKnownFileType = sourcecode.swift; path = AppDelegate.swift; sourceTree = "<group>"; };
		F9828F2A2678BB2F00FB11FC /* art.scnassets */ = {isa = PBXFileReference; lastKnownFileType = wrapper.scnassets; path = art.scnassets; sourceTree = "<group>"; };
		F9828F2C2678BB2F00FB11FC /* ViewController.swift */ = {isa = PBXFileReference; lastKnownFileType = sourcecode.swift; path = ViewController.swift; sourceTree = "<group>"; };
		F9828F2F2678BB2F00FB11FC /* Base */ = {isa = PBXFileReference; lastKnownFileType = file.storyboard; name = Base; path = Base.lproj/Main.storyboard; sourceTree = "<group>"; };
		F9828F312678BB3100FB11FC /* Assets.xcassets */ = {isa = PBXFileReference; lastKnownFileType = folder.assetcatalog; path = Assets.xcassets; sourceTree = "<group>"; };
		F9828F342678BB3100FB11FC /* Base */ = {isa = PBXFileReference; lastKnownFileType = file.storyboard; name = Base; path = Base.lproj/LaunchScreen.storyboard; sourceTree = "<group>"; };
		F9828F362678BB3100FB11FC /* Info.plist */ = {isa = PBXFileReference; lastKnownFileType = text.plist.xml; path = Info.plist; sourceTree = "<group>"; };
		F9828F3B2678BB3200FB11FC /* ARScannerTests.xctest */ = {isa = PBXFileReference; explicitFileType = wrapper.cfbundle; includeInIndex = 0; path = ARScannerTests.xctest; sourceTree = BUILT_PRODUCTS_DIR; };
		F9828F3F2678BB3200FB11FC /* ARScannerTests.swift */ = {isa = PBXFileReference; lastKnownFileType = sourcecode.swift; path = ARScannerTests.swift; sourceTree = "<group>"; };
		F9828F412678BB3200FB11FC /* Info.plist */ = {isa = PBXFileReference; lastKnownFileType = text.plist.xml; path = Info.plist; sourceTree = "<group>"; };
		F9828F462678BB3200FB11FC /* ARScannerUITests.xctest */ = {isa = PBXFileReference; explicitFileType = wrapper.cfbundle; includeInIndex = 0; path = ARScannerUITests.xctest; sourceTree = BUILT_PRODUCTS_DIR; };
		F9828F4A2678BB3200FB11FC /* ARScannerUITests.swift */ = {isa = PBXFileReference; lastKnownFileType = sourcecode.swift; path = ARScannerUITests.swift; sourceTree = "<group>"; };
		F9828F4C2678BB3200FB11FC /* Info.plist */ = {isa = PBXFileReference; lastKnownFileType = text.plist.xml; path = Info.plist; sourceTree = "<group>"; };
		F9828F82267A254500FB11FC /* TestScene.scn */ = {isa = PBXFileReference; lastKnownFileType = file.bplist; path = TestScene.scn; sourceTree = "<group>"; };
/* End PBXFileReference section */

/* Begin PBXFrameworksBuildPhase section */
		F9828F222678BB2F00FB11FC /* Frameworks */ = {
			isa = PBXFrameworksBuildPhase;
			buildActionMask = 2147483647;
			files = (
			);
			runOnlyForDeploymentPostprocessing = 0;
		};
		F9828F382678BB3200FB11FC /* Frameworks */ = {
			isa = PBXFrameworksBuildPhase;
			buildActionMask = 2147483647;
			files = (
			);
			runOnlyForDeploymentPostprocessing = 0;
		};
		F9828F432678BB3200FB11FC /* Frameworks */ = {
			isa = PBXFrameworksBuildPhase;
			buildActionMask = 2147483647;
			files = (
			);
			runOnlyForDeploymentPostprocessing = 0;
		};
/* End PBXFrameworksBuildPhase section */

/* Begin PBXGroup section */
		F9828F1C2678BB2F00FB11FC = {
			isa = PBXGroup;
			children = (
				F9828F82267A254500FB11FC /* TestScene.scn */,
				F9828F272678BB2F00FB11FC /* ARScanner */,
				F9828F3E2678BB3200FB11FC /* ARScannerTests */,
				F9828F492678BB3200FB11FC /* ARScannerUITests */,
				F9828F262678BB2F00FB11FC /* Products */,
			);
			sourceTree = "<group>";
		};
		F9828F262678BB2F00FB11FC /* Products */ = {
			isa = PBXGroup;
			children = (
				F9828F252678BB2F00FB11FC /* ARScanner.app */,
				F9828F3B2678BB3200FB11FC /* ARScannerTests.xctest */,
				F9828F462678BB3200FB11FC /* ARScannerUITests.xctest */,
			);
			name = Products;
			sourceTree = "<group>";
		};
		F9828F272678BB2F00FB11FC /* ARScanner */ = {
			isa = PBXGroup;
			children = (
				F9828F282678BB2F00FB11FC /* AppDelegate.swift */,
				F9828F2A2678BB2F00FB11FC /* art.scnassets */,
				F9828F2C2678BB2F00FB11FC /* ViewController.swift */,
				F9828F2E2678BB2F00FB11FC /* Main.storyboard */,
				F9828F312678BB3100FB11FC /* Assets.xcassets */,
				F9828F332678BB3100FB11FC /* LaunchScreen.storyboard */,
				F9828F362678BB3100FB11FC /* Info.plist */,
			);
			path = ARScanner;
			sourceTree = "<group>";
		};
		F9828F3E2678BB3200FB11FC /* ARScannerTests */ = {
			isa = PBXGroup;
			children = (
				F9828F3F2678BB3200FB11FC /* ARScannerTests.swift */,
				F9828F412678BB3200FB11FC /* Info.plist */,
			);
			path = ARScannerTests;
			sourceTree = "<group>";
		};
		F9828F492678BB3200FB11FC /* ARScannerUITests */ = {
			isa = PBXGroup;
			children = (
				F9828F4A2678BB3200FB11FC /* ARScannerUITests.swift */,
				F9828F4C2678BB3200FB11FC /* Info.plist */,
			);
			path = ARScannerUITests;
			sourceTree = "<group>";
		};
/* End PBXGroup section */

/* Begin PBXNativeTarget section */
		F9828F242678BB2F00FB11FC /* ARScanner */ = {
			isa = PBXNativeTarget;
			buildConfigurationList = F9828F4F2678BB3200FB11FC /* Build configuration list for PBXNativeTarget "ARScanner" */;
			buildPhases = (
				F9828F212678BB2F00FB11FC /* Sources */,
				F9828F222678BB2F00FB11FC /* Frameworks */,
				F9828F232678BB2F00FB11FC /* Resources */,
			);
			buildRules = (
			);
			dependencies = (
			);
			name = ARScanner;
			productName = ARScanner;
			productReference = F9828F252678BB2F00FB11FC /* ARScanner.app */;
			productType = "com.apple.product-type.application";
		};
		F9828F3A2678BB3200FB11FC /* ARScannerTests */ = {
			isa = PBXNativeTarget;
			buildConfigurationList = F9828F522678BB3200FB11FC /* Build configuration list for PBXNativeTarget "ARScannerTests" */;
			buildPhases = (
				F9828F372678BB3200FB11FC /* Sources */,
				F9828F382678BB3200FB11FC /* Frameworks */,
				F9828F392678BB3200FB11FC /* Resources */,
			);
			buildRules = (
			);
			dependencies = (
				F9828F3D2678BB3200FB11FC /* PBXTargetDependency */,
			);
			name = ARScannerTests;
			productName = ARScannerTests;
			productReference = F9828F3B2678BB3200FB11FC /* ARScannerTests.xctest */;
			productType = "com.apple.product-type.bundle.unit-test";
		};
		F9828F452678BB3200FB11FC /* ARScannerUITests */ = {
			isa = PBXNativeTarget;
			buildConfigurationList = F9828F552678BB3200FB11FC /* Build configuration list for PBXNativeTarget "ARScannerUITests" */;
			buildPhases = (
				F9828F422678BB3200FB11FC /* Sources */,
				F9828F432678BB3200FB11FC /* Frameworks */,
				F9828F442678BB3200FB11FC /* Resources */,
			);
			buildRules = (
			);
			dependencies = (
				F9828F482678BB3200FB11FC /* PBXTargetDependency */,
			);
			name = ARScannerUITests;
			productName = ARScannerUITests;
			productReference = F9828F462678BB3200FB11FC /* ARScannerUITests.xctest */;
			productType = "com.apple.product-type.bundle.ui-testing";
		};
/* End PBXNativeTarget section */

/* Begin PBXProject section */
		F9828F1D2678BB2F00FB11FC /* Project object */ = {
			isa = PBXProject;
			attributes = {
				LastSwiftUpdateCheck = 1230;
				LastUpgradeCheck = 1230;
				TargetAttributes = {
					F9828F242678BB2F00FB11FC = {
						CreatedOnToolsVersion = 12.3;
					};
					F9828F3A2678BB3200FB11FC = {
						CreatedOnToolsVersion = 12.3;
						TestTargetID = F9828F242678BB2F00FB11FC;
					};
					F9828F452678BB3200FB11FC = {
						CreatedOnToolsVersion = 12.3;
						TestTargetID = F9828F242678BB2F00FB11FC;
					};
				};
			};
			buildConfigurationList = F9828F202678BB2F00FB11FC /* Build configuration list for PBXProject "ARScanner" */;
			compatibilityVersion = "Xcode 9.3";
			developmentRegion = en;
			hasScannedForEncodings = 0;
			knownRegions = (
				en,
				Base,
			);
			mainGroup = F9828F1C2678BB2F00FB11FC;
			productRefGroup = F9828F262678BB2F00FB11FC /* Products */;
			projectDirPath = "";
			projectRoot = "";
			targets = (
				F9828F242678BB2F00FB11FC /* ARScanner */,
				F9828F3A2678BB3200FB11FC /* ARScannerTests */,
				F9828F452678BB3200FB11FC /* ARScannerUITests */,
			);
		};
/* End PBXProject section */

/* Begin PBXResourcesBuildPhase section */
		F9828F232678BB2F00FB11FC /* Resources */ = {
			isa = PBXResourcesBuildPhase;
			buildActionMask = 2147483647;
			files = (
				F9828F83267A254500FB11FC /* TestScene.scn in Resources */,
				F9828F2B2678BB2F00FB11FC /* art.scnassets in Resources */,
				F9828F352678BB3100FB11FC /* LaunchScreen.storyboard in Resources */,
				F9828F322678BB3100FB11FC /* Assets.xcassets in Resources */,
				F9828F302678BB2F00FB11FC /* Main.storyboard in Resources */,
			);
			runOnlyForDeploymentPostprocessing = 0;
		};
		F9828F392678BB3200FB11FC /* Resources */ = {
			isa = PBXResourcesBuildPhase;
			buildActionMask = 2147483647;
			files = (
			);
			runOnlyForDeploymentPostprocessing = 0;
		};
		F9828F442678BB3200FB11FC /* Resources */ = {
			isa = PBXResourcesBuildPhase;
			buildActionMask = 2147483647;
			files = (
			);
			runOnlyForDeploymentPostprocessing = 0;
		};
/* End PBXResourcesBuildPhase section */

/* Begin PBXSourcesBuildPhase section */
		F9828F212678BB2F00FB11FC /* Sources */ = {
			isa = PBXSourcesBuildPhase;
			buildActionMask = 2147483647;
			files = (
				F9828F2D2678BB2F00FB11FC /* ViewController.swift in Sources */,
				F9828F292678BB2F00FB11FC /* AppDelegate.swift in Sources */,
			);
			runOnlyForDeploymentPostprocessing = 0;
		};
		F9828F372678BB3200FB11FC /* Sources */ = {
			isa = PBXSourcesBuildPhase;
			buildActionMask = 2147483647;
			files = (
				F9828F402678BB3200FB11FC /* ARScannerTests.swift in Sources */,
			);
			runOnlyForDeploymentPostprocessing = 0;
		};
		F9828F422678BB3200FB11FC /* Sources */ = {
			isa = PBXSourcesBuildPhase;
			buildActionMask = 2147483647;
			files = (
				F9828F4B2678BB3200FB11FC /* ARScannerUITests.swift in Sources */,
			);
			runOnlyForDeploymentPostprocessing = 0;
		};
/* End PBXSourcesBuildPhase section */

/* Begin PBXTargetDependency section */
		F9828F3D2678BB3200FB11FC /* PBXTargetDependency */ = {
			isa = PBXTargetDependency;
			target = F9828F242678BB2F00FB11FC /* ARScanner */;
			targetProxy = F9828F3C2678BB3200FB11FC /* PBXContainerItemProxy */;
		};
		F9828F482678BB3200FB11FC /* PBXTargetDependency */ = {
			isa = PBXTargetDependency;
			target = F9828F242678BB2F00FB11FC /* ARScanner */;
			targetProxy = F9828F472678BB3200FB11FC /* PBXContainerItemProxy */;
		};
/* End PBXTargetDependency section */

/* Begin PBXVariantGroup section */
		F9828F2E2678BB2F00FB11FC /* Main.storyboard */ = {
			isa = PBXVariantGroup;
			children = (
				F9828F2F2678BB2F00FB11FC /* Base */,
			);
			name = Main.storyboard;
			sourceTree = "<group>";
		};
		F9828F332678BB3100FB11FC /* LaunchScreen.storyboard */ = {
			isa = PBXVariantGroup;
			children = (
				F9828F342678BB3100FB11FC /* Base */,
			);
			name = LaunchScreen.storyboard;
			sourceTree = "<group>";
		};
/* End PBXVariantGroup section */

/* Begin XCBuildConfiguration section */
		F9828F4D2678BB3200FB11FC /* Debug */ = {
			isa = XCBuildConfiguration;
			buildSettings = {
				ALWAYS_SEARCH_USER_PATHS = NO;
				CLANG_ANALYZER_NONNULL = YES;
				CLANG_ANALYZER_NUMBER_OBJECT_CONVERSION = YES_AGGRESSIVE;
				CLANG_CXX_LANGUAGE_STANDARD = "gnu++14";
				CLANG_CXX_LIBRARY = "libc++";
				CLANG_ENABLE_MODULES = YES;
				CLANG_ENABLE_OBJC_ARC = YES;
				CLANG_ENABLE_OBJC_WEAK = YES;
				CLANG_WARN_BLOCK_CAPTURE_AUTORELEASING = YES;
				CLANG_WARN_BOOL_CONVERSION = YES;
				CLANG_WARN_COMMA = YES;
				CLANG_WARN_CONSTANT_CONVERSION = YES;
				CLANG_WARN_DEPRECATED_OBJC_IMPLEMENTATIONS = YES;
				CLANG_WARN_DIRECT_OBJC_ISA_USAGE = YES_ERROR;
				CLANG_WARN_DOCUMENTATION_COMMENTS = YES;
				CLANG_WARN_EMPTY_BODY = YES;
				CLANG_WARN_ENUM_CONVERSION = YES;
				CLANG_WARN_INFINITE_RECURSION = YES;
				CLANG_WARN_INT_CONVERSION = YES;
				CLANG_WARN_NON_LITERAL_NULL_CONVERSION = YES;
				CLANG_WARN_OBJC_IMPLICIT_RETAIN_SELF = YES;
				CLANG_WARN_OBJC_LITERAL_CONVERSION = YES;
				CLANG_WARN_OBJC_ROOT_CLASS = YES_ERROR;
				CLANG_WARN_QUOTED_INCLUDE_IN_FRAMEWORK_HEADER = YES;
				CLANG_WARN_RANGE_LOOP_ANALYSIS = YES;
				CLANG_WARN_STRICT_PROTOTYPES = YES;
				CLANG_WARN_SUSPICIOUS_MOVE = YES;
				CLANG_WARN_UNGUARDED_AVAILABILITY = YES_AGGRESSIVE;
				CLANG_WARN_UNREACHABLE_CODE = YES;
				CLANG_WARN__DUPLICATE_METHOD_MATCH = YES;
				COPY_PHASE_STRIP = NO;
				DEBUG_INFORMATION_FORMAT = dwarf;
				ENABLE_STRICT_OBJC_MSGSEND = YES;
				ENABLE_TESTABILITY = YES;
				GCC_C_LANGUAGE_STANDARD = gnu11;
				GCC_DYNAMIC_NO_PIC = NO;
				GCC_NO_COMMON_BLOCKS = YES;
				GCC_OPTIMIZATION_LEVEL = 0;
				GCC_PREPROCESSOR_DEFINITIONS = (
					"DEBUG=1",
					"$(inherited)",
				);
				GCC_WARN_64_TO_32_BIT_CONVERSION = YES;
				GCC_WARN_ABOUT_RETURN_TYPE = YES_ERROR;
				GCC_WARN_UNDECLARED_SELECTOR = YES;
				GCC_WARN_UNINITIALIZED_AUTOS = YES_AGGRESSIVE;
				GCC_WARN_UNUSED_FUNCTION = YES;
				GCC_WARN_UNUSED_VARIABLE = YES;
				IPHONEOS_DEPLOYMENT_TARGET = 14.3;
				MTL_ENABLE_DEBUG_INFO = INCLUDE_SOURCE;
				MTL_FAST_MATH = YES;
				ONLY_ACTIVE_ARCH = YES;
				SDKROOT = iphoneos;
				SWIFT_ACTIVE_COMPILATION_CONDITIONS = DEBUG;
				SWIFT_OPTIMIZATION_LEVEL = "-Onone";
			};
			name = Debug;
		};
		F9828F4E2678BB3200FB11FC /* Release */ = {
			isa = XCBuildConfiguration;
			buildSettings = {
				ALWAYS_SEARCH_USER_PATHS = NO;
				CLANG_ANALYZER_NONNULL = YES;
				CLANG_ANALYZER_NUMBER_OBJECT_CONVERSION = YES_AGGRESSIVE;
				CLANG_CXX_LANGUAGE_STANDARD = "gnu++14";
				CLANG_CXX_LIBRARY = "libc++";
				CLANG_ENABLE_MODULES = YES;
				CLANG_ENABLE_OBJC_ARC = YES;
				CLANG_ENABLE_OBJC_WEAK = YES;
				CLANG_WARN_BLOCK_CAPTURE_AUTORELEASING = YES;
				CLANG_WARN_BOOL_CONVERSION = YES;
				CLANG_WARN_COMMA = YES;
				CLANG_WARN_CONSTANT_CONVERSION = YES;
				CLANG_WARN_DEPRECATED_OBJC_IMPLEMENTATIONS = YES;
				CLANG_WARN_DIRECT_OBJC_ISA_USAGE = YES_ERROR;
				CLANG_WARN_DOCUMENTATION_COMMENTS = YES;
				CLANG_WARN_EMPTY_BODY = YES;
				CLANG_WARN_ENUM_CONVERSION = YES;
				CLANG_WARN_INFINITE_RECURSION = YES;
				CLANG_WARN_INT_CONVERSION = YES;
				CLANG_WARN_NON_LITERAL_NULL_CONVERSION = YES;
				CLANG_WARN_OBJC_IMPLICIT_RETAIN_SELF = YES;
				CLANG_WARN_OBJC_LITERAL_CONVERSION = YES;
				CLANG_WARN_OBJC_ROOT_CLASS = YES_ERROR;
				CLANG_WARN_QUOTED_INCLUDE_IN_FRAMEWORK_HEADER = YES;
				CLANG_WARN_RANGE_LOOP_ANALYSIS = YES;
				CLANG_WARN_STRICT_PROTOTYPES = YES;
				CLANG_WARN_SUSPICIOUS_MOVE = YES;
				CLANG_WARN_UNGUARDED_AVAILABILITY = YES_AGGRESSIVE;
				CLANG_WARN_UNREACHABLE_CODE = YES;
				CLANG_WARN__DUPLICATE_METHOD_MATCH = YES;
				COPY_PHASE_STRIP = NO;
				DEBUG_INFORMATION_FORMAT = "dwarf-with-dsym";
				ENABLE_NS_ASSERTIONS = NO;
				ENABLE_STRICT_OBJC_MSGSEND = YES;
				GCC_C_LANGUAGE_STANDARD = gnu11;
				GCC_NO_COMMON_BLOCKS = YES;
				GCC_WARN_64_TO_32_BIT_CONVERSION = YES;
				GCC_WARN_ABOUT_RETURN_TYPE = YES_ERROR;
				GCC_WARN_UNDECLARED_SELECTOR = YES;
				GCC_WARN_UNINITIALIZED_AUTOS = YES_AGGRESSIVE;
				GCC_WARN_UNUSED_FUNCTION = YES;
				GCC_WARN_UNUSED_VARIABLE = YES;
				IPHONEOS_DEPLOYMENT_TARGET = 14.3;
				MTL_ENABLE_DEBUG_INFO = NO;
				MTL_FAST_MATH = YES;
				SDKROOT = iphoneos;
				SWIFT_COMPILATION_MODE = wholemodule;
				SWIFT_OPTIMIZATION_LEVEL = "-O";
				VALIDATE_PRODUCT = YES;
			};
			name = Release;
		};
		F9828F502678BB3200FB11FC /* Debug */ = {
			isa = XCBuildConfiguration;
			buildSettings = {
				ASSETCATALOG_COMPILER_APPICON_NAME = AppIcon;
				ASSETCATALOG_COMPILER_GLOBAL_ACCENT_COLOR_NAME = AccentColor;
				CODE_SIGN_STYLE = Automatic;
				DEVELOPMENT_TEAM = 3ZESPWR382;
				INFOPLIST_FILE = ARScanner/Info.plist;
				LD_RUNPATH_SEARCH_PATHS = (
					"$(inherited)",
					"@executable_path/Frameworks",
				);
				PRODUCT_BUNDLE_IDENTIFIER = com.ay.ARScanner;
				PRODUCT_NAME = "$(TARGET_NAME)";
				SWIFT_VERSION = 5.0;
				TARGETED_DEVICE_FAMILY = "1,2";
			};
			name = Debug;
		};
		F9828F512678BB3200FB11FC /* Release */ = {
			isa = XCBuildConfiguration;
			buildSettings = {
				ASSETCATALOG_COMPILER_APPICON_NAME = AppIcon;
				ASSETCATALOG_COMPILER_GLOBAL_ACCENT_COLOR_NAME = AccentColor;
				CODE_SIGN_STYLE = Automatic;
				DEVELOPMENT_TEAM = 3ZESPWR382;
				INFOPLIST_FILE = ARScanner/Info.plist;
				LD_RUNPATH_SEARCH_PATHS = (
					"$(inherited)",
					"@executable_path/Frameworks",
				);
				PRODUCT_BUNDLE_IDENTIFIER = com.ay.ARScanner;
				PRODUCT_NAME = "$(TARGET_NAME)";
				SWIFT_VERSION = 5.0;
				TARGETED_DEVICE_FAMILY = "1,2";
			};
			name = Release;
		};
		F9828F532678BB3200FB11FC /* Debug */ = {
			isa = XCBuildConfiguration;
			buildSettings = {
				ALWAYS_EMBED_SWIFT_STANDARD_LIBRARIES = YES;
				BUNDLE_LOADER = "$(TEST_HOST)";
				CODE_SIGN_STYLE = Automatic;
				DEVELOPMENT_TEAM = 3ZESPWR382;
				INFOPLIST_FILE = ARScannerTests/Info.plist;
				IPHONEOS_DEPLOYMENT_TARGET = 14.3;
				LD_RUNPATH_SEARCH_PATHS = (
					"$(inherited)",
					"@executable_path/Frameworks",
					"@loader_path/Frameworks",
				);
				PRODUCT_BUNDLE_IDENTIFIER = com.ay.ARScannerTests;
				PRODUCT_NAME = "$(TARGET_NAME)";
				SWIFT_VERSION = 5.0;
				TARGETED_DEVICE_FAMILY = "1,2";
				TEST_HOST = "$(BUILT_PRODUCTS_DIR)/ARScanner.app/ARScanner";
			};
			name = Debug;
		};
		F9828F542678BB3200FB11FC /* Release */ = {
			isa = XCBuildConfiguration;
			buildSettings = {
				ALWAYS_EMBED_SWIFT_STANDARD_LIBRARIES = YES;
				BUNDLE_LOADER = "$(TEST_HOST)";
				CODE_SIGN_STYLE = Automatic;
				DEVELOPMENT_TEAM = 3ZESPWR382;
				INFOPLIST_FILE = ARScannerTests/Info.plist;
				IPHONEOS_DEPLOYMENT_TARGET = 14.3;
				LD_RUNPATH_SEARCH_PATHS = (
					"$(inherited)",
					"@executable_path/Frameworks",
					"@loader_path/Frameworks",
				);
				PRODUCT_BUNDLE_IDENTIFIER = com.ay.ARScannerTests;
				PRODUCT_NAME = "$(TARGET_NAME)";
				SWIFT_VERSION = 5.0;
				TARGETED_DEVICE_FAMILY = "1,2";
				TEST_HOST = "$(BUILT_PRODUCTS_DIR)/ARScanner.app/ARScanner";
			};
			name = Release;
		};
		F9828F562678BB3200FB11FC /* Debug */ = {
			isa = XCBuildConfiguration;
			buildSettings = {
				ALWAYS_EMBED_SWIFT_STANDARD_LIBRARIES = YES;
				CODE_SIGN_STYLE = Automatic;
				DEVELOPMENT_TEAM = 3ZESPWR382;
				INFOPLIST_FILE = ARScannerUITests/Info.plist;
				LD_RUNPATH_SEARCH_PATHS = (
					"$(inherited)",
					"@executable_path/Frameworks",
					"@loader_path/Frameworks",
				);
				PRODUCT_BUNDLE_IDENTIFIER = com.ay.ARScannerUITests;
				PRODUCT_NAME = "$(TARGET_NAME)";
				SWIFT_VERSION = 5.0;
				TARGETED_DEVICE_FAMILY = "1,2";
				TEST_TARGET_NAME = ARScanner;
			};
			name = Debug;
		};
		F9828F572678BB3200FB11FC /* Release */ = {
			isa = XCBuildConfiguration;
			buildSettings = {
				ALWAYS_EMBED_SWIFT_STANDARD_LIBRARIES = YES;
				CODE_SIGN_STYLE = Automatic;
				DEVELOPMENT_TEAM = 3ZESPWR382;
				INFOPLIST_FILE = ARScannerUITests/Info.plist;
				LD_RUNPATH_SEARCH_PATHS = (
					"$(inherited)",
					"@executable_path/Frameworks",
					"@loader_path/Frameworks",
				);
				PRODUCT_BUNDLE_IDENTIFIER = com.ay.ARScannerUITests;
				PRODUCT_NAME = "$(TARGET_NAME)";
				SWIFT_VERSION = 5.0;
				TARGETED_DEVICE_FAMILY = "1,2";
				TEST_TARGET_NAME = ARScanner;
			};
			name = Release;
		};
/* End XCBuildConfiguration section */

/* Begin XCConfigurationList section */
		F9828F202678BB2F00FB11FC /* Build configuration list for PBXProject "ARScanner" */ = {
			isa = XCConfigurationList;
			buildConfigurations = (
				F9828F4D2678BB3200FB11FC /* Debug */,
				F9828F4E2678BB3200FB11FC /* Release */,
			);
			defaultConfigurationIsVisible = 0;
			defaultConfigurationName = Release;
		};
		F9828F4F2678BB3200FB11FC /* Build configuration list for PBXNativeTarget "ARScanner" */ = {
			isa = XCConfigurationList;
			buildConfigurations = (
				F9828F502678BB3200FB11FC /* Debug */,
				F9828F512678BB3200FB11FC /* Release */,
			);
			defaultConfigurationIsVisible = 0;
			defaultConfigurationName = Release;
		};
		F9828F522678BB3200FB11FC /* Build configuration list for PBXNativeTarget "ARScannerTests" */ = {
			isa = XCConfigurationList;
			buildConfigurations = (
				F9828F532678BB3200FB11FC /* Debug */,
				F9828F542678BB3200FB11FC /* Release */,
			);
			defaultConfigurationIsVisible = 0;
			defaultConfigurationName = Release;
		};
		F9828F552678BB3200FB11FC /* Build configuration list for PBXNativeTarget "ARScannerUITests" */ = {
			isa = XCConfigurationList;
			buildConfigurations = (
				F9828F562678BB3200FB11FC /* Debug */,
				F9828F572678BB3200FB11FC /* Release */,
			);
			defaultConfigurationIsVisible = 0;
			defaultConfigurationName = Release;
		};
/* End XCConfigurationList section */
	};
	rootObject = F9828F1D2678BB2F00FB11FC /* Project object */;
}
